
Microsoft Visual Studio Solution File, Format Version 12.00
# Visual Studio Version 17
VisualStudioVersion = 17.0.31612.314
MinimumVisualStudioVersion = 10.0.40219.1
Project("{9A19103F-16F7-4668-BE54-9A1E7A4F7556}") = "Ef6.Core.LINQPadDriver", "Ef6.Core.LINQPadDriver\Ef6.Core.LINQPadDriver.csproj", "{741120F4-65C5-4B81-B046-9ACA5AD32132}"
EndProject
Project("{2150E333-8FDC-42A3-9474-1A3956D46DE8}") = "Solution Items", "Solution Items", "{045E193C-7AFA-4A47-BDBC-D58D406B7785}"
	ProjectSection(SolutionItems) = preProject
		.editorconfig = .editorconfig
	EndProjectSection
EndProject
Global
	GlobalSection(SolutionConfigurationPlatforms) = preSolution
		Debug|Any CPU = Debug|Any CPU
		Release|Any CPU = Release|Any CPU
	EndGlobalSection
	GlobalSection(ProjectConfigurationPlatforms) = postSolution
		{741120F4-65C5-4B81-B046-9ACA5AD32132}.Debug|Any CPU.ActiveCfg = Debug|Any CPU
		{741120F4-65C5-4B81-B046-9ACA5AD32132}.Debug|Any CPU.Build.0 = Debug|Any CPU
		{741120F4-65C5-4B81-B046-9ACA5AD32132}.Release|Any CPU.ActiveCfg = Release|Any CPU
		{741120F4-65C5-4B81-B046-9ACA5AD32132}.Release|Any CPU.Build.0 = Release|Any CPU
	EndGlobalSection
	GlobalSection(SolutionProperties) = preSolution
		HideSolutionNode = FALSE
	EndGlobalSection
	GlobalSection(ExtensibilityGlobals) = postSolution
		SolutionGuid = {EF67878C-29A2-4E9B-80F7-BF63AC8E6FD3}
	EndGlobalSection
EndGlobal
